
Microsoft Visual Studio Solution File, Format Version 12.00
# Visual Studio Version 17
VisualStudioVersion = 17.11.35312.102
MinimumVisualStudioVersion = 10.0.40219.1
Project("{FAE04EC0-301F-11D3-BF4B-00C04F79EFBC}") = "QuickLog", "QuickLog\QuickLog.csproj", "{18F3D4C1-1943-45D7-965C-38D1260A649B}"
EndProject
Project("{FAE04EC0-301F-11D3-BF4B-00C04F79EFBC}") = "QuickLog.Sample", "QuickLog.Sample\QuickLog.Sample.csproj", "{B51F9AFF-061D-44F4-9566-56D1DF4C569B}"
EndProject
Project("{FAE04EC0-301F-11D3-BF4B-00C04F79EFBC}") = "QuickLog.Tests", "QuickLog.Tests\QuickLog.Tests.csproj", "{85BD626E-11F3-48D9-B885-E1FAD2B43307}"
EndProject
Project("{FAE04EC0-301F-11D3-BF4B-00C04F79EFBC}") = "QuickLog.Tools", "QuickLog.Tools\QuickLog.Tools.csproj", "{B3FF779C-D42F-4CA4-A8B7-419AE0D2B3BD}"
EndProject
Project("{2150E333-8FDC-42A3-9474-1A3956D46DE8}") = "samples", "samples", "{5D20AA90-6969-D8BD-9DCD-8634F4692FDA}"
EndProject
Project("{FAE04EC0-301F-11D3-BF4B-00C04F79EFBC}") = "QuickLog.LinuxSmoke", "samples\QuickLog.LinuxSmoke\QuickLog.LinuxSmoke.csproj", "{A8D7B7AE-E907-4025-A51F-497077CE6210}"
EndProject
Project("{FAE04EC0-301F-11D3-BF4B-00C04F79EFBC}") = "QuickLog.Extensions.Logging", "QuickLog.Extensions.Logging\QuickLog.Extensions.Logging.csproj", "{8E1F7720-6C16-4166-ACD1-DD9D21D0332F}"
EndProject
Project("{FAE04EC0-301F-11D3-BF4B-00C04F79EFBC}") = "QuickLog.AotSmoke", "samples\QuickLog.AotSmoke\QuickLog.AotSmoke.csproj", "{BDE09777-58FC-46E1-BAA7-E3D75F89E3AD}"
EndProject
Global
	GlobalSection(SolutionConfigurationPlatforms) = preSolution
		Debug|Any CPU = Debug|Any CPU
		Debug|x64 = Debug|x64
		Debug|x86 = Debug|x86
		Release|Any CPU = Release|Any CPU
		Release|x64 = Release|x64
		Release|x86 = Release|x86
	EndGlobalSection
	GlobalSection(ProjectConfigurationPlatforms) = postSolution
		{18F3D4C1-1943-45D7-965C-38D1260A649B}.Debug|Any CPU.ActiveCfg = Debug|Any CPU
		{18F3D4C1-1943-45D7-965C-38D1260A649B}.Debug|Any CPU.Build.0 = Debug|Any CPU
		{18F3D4C1-1943-45D7-965C-38D1260A649B}.Debug|x64.ActiveCfg = Debug|Any CPU
		{18F3D4C1-1943-45D7-965C-38D1260A649B}.Debug|x64.Build.0 = Debug|Any CPU
		{18F3D4C1-1943-45D7-965C-38D1260A649B}.Debug|x86.ActiveCfg = Debug|Any CPU
		{18F3D4C1-1943-45D7-965C-38D1260A649B}.Debug|x86.Build.0 = Debug|Any CPU
		{18F3D4C1-1943-45D7-965C-38D1260A649B}.Release|Any CPU.ActiveCfg = Release|Any CPU
		{18F3D4C1-1943-45D7-965C-38D1260A649B}.Release|Any CPU.Build.0 = Release|Any CPU
		{18F3D4C1-1943-45D7-965C-38D1260A649B}.Release|x64.ActiveCfg = Release|Any CPU
		{18F3D4C1-1943-45D7-965C-38D1260A649B}.Release|x64.Build.0 = Release|Any CPU
		{18F3D4C1-1943-45D7-965C-38D1260A649B}.Release|x86.ActiveCfg = Release|Any CPU
		{18F3D4C1-1943-45D7-965C-38D1260A649B}.Release|x86.Build.0 = Release|Any CPU
		{B51F9AFF-061D-44F4-9566-56D1DF4C569B}.Debug|Any CPU.ActiveCfg = Debug|Any CPU
		{B51F9AFF-061D-44F4-9566-56D1DF4C569B}.Debug|Any CPU.Build.0 = Debug|Any CPU
		{B51F9AFF-061D-44F4-9566-56D1DF4C569B}.Debug|x64.ActiveCfg = Debug|Any CPU
		{B51F9AFF-061D-44F4-9566-56D1DF4C569B}.Debug|x64.Build.0 = Debug|Any CPU
		{B51F9AFF-061D-44F4-9566-56D1DF4C569B}.Debug|x86.ActiveCfg = Debug|Any CPU
		{B51F9AFF-061D-44F4-9566-56D1DF4C569B}.Debug|x86.Build.0 = Debug|Any CPU
		{B51F9AFF-061D-44F4-9566-56D1DF4C569B}.Release|Any CPU.ActiveCfg = Release|Any CPU
		{B51F9AFF-061D-44F4-9566-56D1DF4C569B}.Release|Any CPU.Build.0 = Release|Any CPU
		{B51F9AFF-061D-44F4-9566-56D1DF4C569B}.Release|x64.ActiveCfg = Release|Any CPU
		{B51F9AFF-061D-44F4-9566-56D1DF4C569B}.Release|x64.Build.0 = Release|Any CPU
		{B51F9AFF-061D-44F4-9566-56D1DF4C569B}.Release|x86.ActiveCfg = Release|Any CPU
		{B51F9AFF-061D-44F4-9566-56D1DF4C569B}.Release|x86.Build.0 = Release|Any CPU
		{85BD626E-11F3-48D9-B885-E1FAD2B43307}.Debug|Any CPU.ActiveCfg = Debug|Any CPU
		{85BD626E-11F3-48D9-B885-E1FAD2B43307}.Debug|Any CPU.Build.0 = Debug|Any CPU
		{85BD626E-11F3-48D9-B885-E1FAD2B43307}.Debug|x64.ActiveCfg = Debug|Any CPU
		{85BD626E-11F3-48D9-B885-E1FAD2B43307}.Debug|x64.Build.0 = Debug|Any CPU
		{85BD626E-11F3-48D9-B885-E1FAD2B43307}.Debug|x86.ActiveCfg = Debug|Any CPU
		{85BD626E-11F3-48D9-B885-E1FAD2B43307}.Debug|x86.Build.0 = Debug|Any CPU
		{85BD626E-11F3-48D9-B885-E1FAD2B43307}.Release|Any CPU.ActiveCfg = Release|Any CPU
		{85BD626E-11F3-48D9-B885-E1FAD2B43307}.Release|Any CPU.Build.0 = Release|Any CPU
		{85BD626E-11F3-48D9-B885-E1FAD2B43307}.Release|x64.ActiveCfg = Release|Any CPU
		{85BD626E-11F3-48D9-B885-E1FAD2B43307}.Release|x64.Build.0 = Release|Any CPU
		{85BD626E-11F3-48D9-B885-E1FAD2B43307}.Release|x86.ActiveCfg = Release|Any CPU
		{85BD626E-11F3-48D9-B885-E1FAD2B43307}.Release|x86.Build.0 = Release|Any CPU
		{B3FF779C-D42F-4CA4-A8B7-419AE0D2B3BD}.Debug|Any CPU.ActiveCfg = Debug|Any CPU
		{B3FF779C-D42F-4CA4-A8B7-419AE0D2B3BD}.Debug|Any CPU.Build.0 = Debug|Any CPU
		{B3FF779C-D42F-4CA4-A8B7-419AE0D2B3BD}.Debug|x64.ActiveCfg = Debug|Any CPU
		{B3FF779C-D42F-4CA4-A8B7-419AE0D2B3BD}.Debug|x64.Build.0 = Debug|Any CPU
		{B3FF779C-D42F-4CA4-A8B7-419AE0D2B3BD}.Debug|x86.ActiveCfg = Debug|Any CPU
		{B3FF779C-D42F-4CA4-A8B7-419AE0D2B3BD}.Debug|x86.Build.0 = Debug|Any CPU
		{B3FF779C-D42F-4CA4-A8B7-419AE0D2B3BD}.Release|Any CPU.ActiveCfg = Release|Any CPU
		{B3FF779C-D42F-4CA4-A8B7-419AE0D2B3BD}.Release|Any CPU.Build.0 = Release|Any CPU
		{B3FF779C-D42F-4CA4-A8B7-419AE0D2B3BD}.Release|x64.ActiveCfg = Release|Any CPU
		{B3FF779C-D42F-4CA4-A8B7-419AE0D2B3BD}.Release|x64.Build.0 = Release|Any CPU
		{B3FF779C-D42F-4CA4-A8B7-419AE0D2B3BD}.Release|x86.ActiveCfg = Release|Any CPU
		{B3FF779C-D42F-4CA4-A8B7-419AE0D2B3BD}.Release|x86.Build.0 = Release|Any CPU
		{A8D7B7AE-E907-4025-A51F-497077CE6210}.Debug|Any CPU.ActiveCfg = Debug|Any CPU
		{A8D7B7AE-E907-4025-A51F-497077CE6210}.Debug|Any CPU.Build.0 = Debug|Any CPU
		{A8D7B7AE-E907-4025-A51F-497077CE6210}.Debug|x64.ActiveCfg = Debug|Any CPU
		{A8D7B7AE-E907-4025-A51F-497077CE6210}.Debug|x64.Build.0 = Debug|Any CPU
		{A8D7B7AE-E907-4025-A51F-497077CE6210}.Debug|x86.ActiveCfg = Debug|Any CPU
		{A8D7B7AE-E907-4025-A51F-497077CE6210}.Debug|x86.Build.0 = Debug|Any CPU
		{A8D7B7AE-E907-4025-A51F-497077CE6210}.Release|Any CPU.ActiveCfg = Release|Any CPU
		{A8D7B7AE-E907-4025-A51F-497077CE6210}.Release|Any CPU.Build.0 = Release|Any CPU
		{A8D7B7AE-E907-4025-A51F-497077CE6210}.Release|x64.ActiveCfg = Release|Any CPU
		{A8D7B7AE-E907-4025-A51F-497077CE6210}.Release|x64.Build.0 = Release|Any CPU
		{A8D7B7AE-E907-4025-A51F-497077CE6210}.Release|x86.ActiveCfg = Release|Any CPU
		{A8D7B7AE-E907-4025-A51F-497077CE6210}.Release|x86.Build.0 = Release|Any CPU
		{8E1F7720-6C16-4166-ACD1-DD9D21D0332F}.Debug|Any CPU.ActiveCfg = Debug|Any CPU
		{8E1F7720-6C16-4166-ACD1-DD9D21D0332F}.Debug|Any CPU.Build.0 = Debug|Any CPU
		{8E1F7720-6C16-4166-ACD1-DD9D21D0332F}.Debug|x64.ActiveCfg = Debug|Any CPU
		{8E1F7720-6C16-4166-ACD1-DD9D21D0332F}.Debug|x64.Build.0 = Debug|Any CPU
		{8E1F7720-6C16-4166-ACD1-DD9D21D0332F}.Debug|x86.ActiveCfg = Debug|Any CPU
		{8E1F7720-6C16-4166-ACD1-DD9D21D0332F}.Debug|x86.Build.0 = Debug|Any CPU
		{8E1F7720-6C16-4166-ACD1-DD9D21D0332F}.Release|Any CPU.ActiveCfg = Release|Any CPU
		{8E1F7720-6C16-4166-ACD1-DD9D21D0332F}.Release|Any CPU.Build.0 = Release|Any CPU
		{8E1F7720-6C16-4166-ACD1-DD9D21D0332F}.Release|x64.ActiveCfg = Release|Any CPU
		{8E1F7720-6C16-4166-ACD1-DD9D21D0332F}.Release|x64.Build.0 = Release|Any CPU
		{8E1F7720-6C16-4166-ACD1-DD9D21D0332F}.Release|x86.ActiveCfg = Release|Any CPU
		{8E1F7720-6C16-4166-ACD1-DD9D21D0332F}.Release|x86.Build.0 = Release|Any CPU
		{BDE09777-58FC-46E1-BAA7-E3D75F89E3AD}.Debug|Any CPU.ActiveCfg = Debug|Any CPU
		{BDE09777-58FC-46E1-BAA7-E3D75F89E3AD}.Debug|Any CPU.Build.0 = Debug|Any CPU
		{BDE09777-58FC-46E1-BAA7-E3D75F89E3AD}.Debug|x64.ActiveCfg = Debug|Any CPU
		{BDE09777-58FC-46E1-BAA7-E3D75F89E3AD}.Debug|x64.Build.0 = Debug|Any CPU
		{BDE09777-58FC-46E1-BAA7-E3D75F89E3AD}.Debug|x86.ActiveCfg = Debug|Any CPU
		{BDE09777-58FC-46E1-BAA7-E3D75F89E3AD}.Debug|x86.Build.0 = Debug|Any CPU
		{BDE09777-58FC-46E1-BAA7-E3D75F89E3AD}.Release|Any CPU.ActiveCfg = Release|Any CPU
		{BDE09777-58FC-46E1-BAA7-E3D75F89E3AD}.Release|Any CPU.Build.0 = Release|Any CPU
		{BDE09777-58FC-46E1-BAA7-E3D75F89E3AD}.Release|x64.ActiveCfg = Release|Any CPU
		{BDE09777-58FC-46E1-BAA7-E3D75F89E3AD}.Release|x64.Build.0 = Release|Any CPU
		{BDE09777-58FC-46E1-BAA7-E3D75F89E3AD}.Release|x86.ActiveCfg = Release|Any CPU
		{BDE09777-58FC-46E1-BAA7-E3D75F89E3AD}.Release|x86.Build.0 = Release|Any CPU
	EndGlobalSection
	GlobalSection(SolutionProperties) = preSolution
		HideSolutionNode = FALSE
	EndGlobalSection
	GlobalSection(NestedProjects) = preSolution
		{A8D7B7AE-E907-4025-A51F-497077CE6210} = {5D20AA90-6969-D8BD-9DCD-8634F4692FDA}
		{BDE09777-58FC-46E1-BAA7-E3D75F89E3AD} = {5D20AA90-6969-D8BD-9DCD-8634F4692FDA}
	EndGlobalSection
	GlobalSection(ExtensibilityGlobals) = postSolution
		SolutionGuid = {D0ED0F68-D9DF-439A-819F-F9214FC3D3CB}
	EndGlobalSection
EndGlobal
