
Microsoft Visual Studio Solution File, Format Version 12.00
# Visual Studio Version 17
VisualStudioVersion = 17.11.35312.102
MinimumVisualStudioVersion = 10.0.40219.1
Project("{FAE04EC0-301F-11D3-BF4B-00C04F79EFBC}") = "QuickLog", "QuickLog\QuickLog.csproj", "{18F3D4C1-1943-45D7-965C-38D1260A649B}"
EndProject
Global
	GlobalSection(SolutionConfigurationPlatforms) = preSolution
		Debug|Any CPU = Debug|Any CPU
		Release|Any CPU = Release|Any CPU
	EndGlobalSection
	GlobalSection(ProjectConfigurationPlatforms) = postSolution
		{18F3D4C1-1943-45D7-965C-38D1260A649B}.Debug|Any CPU.ActiveCfg = Debug|Any CPU
		{18F3D4C1-1943-45D7-965C-38D1260A649B}.Debug|Any CPU.Build.0 = Debug|Any CPU
		{18F3D4C1-1943-45D7-965C-38D1260A649B}.Release|Any CPU.ActiveCfg = Release|Any CPU
		{18F3D4C1-1943-45D7-965C-38D1260A649B}.Release|Any CPU.Build.0 = Release|Any CPU
	EndGlobalSection
	GlobalSection(SolutionProperties) = preSolution
		HideSolutionNode = FALSE
	EndGlobalSection
	GlobalSection(ExtensibilityGlobals) = postSolution
		SolutionGuid = {D0ED0F68-D9DF-439A-819F-F9214FC3D3CB}
	EndGlobalSection
EndGlobal
